// !$*UTF8*$!
{
	archiveVersion = 1;
	classes = {
	};
	objectVersion = 50;
	objects = {

/* Begin PBXBuildFile section */
		00514E7326FCFDC800D97B21 /* AchivementsView.swift in Sources */ = {isa = PBXBuildFile; fileRef = 00514E7226FCFDC800D97B21 /* AchivementsView.swift */; };
		00DCDEFE26FED70700913927 /* WorkoutsDataSource.swift in Sources */ = {isa = PBXBuildFile; fileRef = 00DCDEFD26FED70700913927 /* WorkoutsDataSource.swift */; };
		00DCDF0426FF0AE200913927 /* CheckmarkButton.swift in Sources */ = {isa = PBXBuildFile; fileRef = 00DCDF0326FF0AE200913927 /* CheckmarkButton.swift */; };
		00DCDF0626FF0B5300913927 /* WorkoutView.swift in Sources */ = {isa = PBXBuildFile; fileRef = 00DCDF0526FF0B5300913927 /* WorkoutView.swift */; };
		00DCDF0826FF0BA800913927 /* WorkoutSchedule.swift in Sources */ = {isa = PBXBuildFile; fileRef = 00DCDF0726FF0BA800913927 /* WorkoutSchedule.swift */; };
		00DCDF0A26FF0BB900913927 /* DayWorkoutPlan.swift in Sources */ = {isa = PBXBuildFile; fileRef = 00DCDF0926FF0BB900913927 /* DayWorkoutPlan.swift */; };
		00DCDF0D26FF0C3A00913927 /* Workout+Data.swift in Sources */ = {isa = PBXBuildFile; fileRef = 00DCDF0C26FF0C3A00913927 /* Workout+Data.swift */; };
		00DCDF0F26FF0D6100913927 /* DayWorkoutPlan+Data.swift in Sources */ = {isa = PBXBuildFile; fileRef = 00DCDF0E26FF0D6100913927 /* DayWorkoutPlan+Data.swift */; };
		00E0245926F8FE090050022F /* WorkoutToDataTransformer.swift in Sources */ = {isa = PBXBuildFile; fileRef = 00E0245826F8FE090050022F /* WorkoutToDataTransformer.swift */; };
		00E0245B26F9000A0050022F /* CoreDataWorkout.swift in Sources */ = {isa = PBXBuildFile; fileRef = 00E0245A26F9000A0050022F /* CoreDataWorkout.swift */; };
		00E0246226F911720050022F /* WorkoutEntity+CoreDataClass.swift in Sources */ = {isa = PBXBuildFile; fileRef = 00E0246026F911720050022F /* WorkoutEntity+CoreDataClass.swift */; };
		00E0246326F911720050022F /* WorkoutEntity+CoreDataProperties.swift in Sources */ = {isa = PBXBuildFile; fileRef = 00E0246126F911720050022F /* WorkoutEntity+CoreDataProperties.swift */; };
		00FB2DEF26F71E04001A7A1B /* RepCountApp.swift in Sources */ = {isa = PBXBuildFile; fileRef = 00FB2DEE26F71E04001A7A1B /* RepCountApp.swift */; };
		00FB2DF126F71E04001A7A1B /* ContentView.swift in Sources */ = {isa = PBXBuildFile; fileRef = 00FB2DF026F71E04001A7A1B /* ContentView.swift */; };
		00FB2DF326F71E06001A7A1B /* Assets.xcassets in Resources */ = {isa = PBXBuildFile; fileRef = 00FB2DF226F71E06001A7A1B /* Assets.xcassets */; };
		00FB2DF626F71E06001A7A1B /* Preview Assets.xcassets in Resources */ = {isa = PBXBuildFile; fileRef = 00FB2DF526F71E06001A7A1B /* Preview Assets.xcassets */; };
		00FB2DF826F71E06001A7A1B /* CoreDataPersistenceController.swift in Sources */ = {isa = PBXBuildFile; fileRef = 00FB2DF726F71E06001A7A1B /* CoreDataPersistenceController.swift */; };
		00FB2DFB26F71E06001A7A1B /* RepCount.xcdatamodeld in Sources */ = {isa = PBXBuildFile; fileRef = 00FB2DF926F71E06001A7A1B /* RepCount.xcdatamodeld */; };
		00FB2E0626F71E07001A7A1B /* RepCountTests.swift in Sources */ = {isa = PBXBuildFile; fileRef = 00FB2E0526F71E07001A7A1B /* RepCountTests.swift */; };
		00FB2E1126F71E07001A7A1B /* RepCountUITests.swift in Sources */ = {isa = PBXBuildFile; fileRef = 00FB2E1026F71E07001A7A1B /* RepCountUITests.swift */; };
		00FB2E1F26F71EEE001A7A1B /* WorkoutDayPlanView.swift in Sources */ = {isa = PBXBuildFile; fileRef = 00FB2E1E26F71EEE001A7A1B /* WorkoutDayPlanView.swift */; };
		00FB2E2126F71F32001A7A1B /* Workout.swift in Sources */ = {isa = PBXBuildFile; fileRef = 00FB2E2026F71F32001A7A1B /* Workout.swift */; };
		00FB2E2326F7465A001A7A1B /* DayWorkoutPlanPresenter.swift in Sources */ = {isa = PBXBuildFile; fileRef = 00FB2E2226F7465A001A7A1B /* DayWorkoutPlanPresenter.swift */; };
/* End PBXBuildFile section */

/* Begin PBXContainerItemProxy section */
		00FB2E0226F71E07001A7A1B /* PBXContainerItemProxy */ = {
			isa = PBXContainerItemProxy;
			containerPortal = 00FB2DE326F71E04001A7A1B /* Project object */;
			proxyType = 1;
			remoteGlobalIDString = 00FB2DEA26F71E04001A7A1B;
			remoteInfo = RepCount;
		};
		00FB2E0D26F71E07001A7A1B /* PBXContainerItemProxy */ = {
			isa = PBXContainerItemProxy;
			containerPortal = 00FB2DE326F71E04001A7A1B /* Project object */;
			proxyType = 1;
			remoteGlobalIDString = 00FB2DEA26F71E04001A7A1B;
			remoteInfo = RepCount;
		};
/* End PBXContainerItemProxy section */

/* Begin PBXFileReference section */
		00514E7226FCFDC800D97B21 /* AchivementsView.swift */ = {isa = PBXFileReference; lastKnownFileType = sourcecode.swift; path = AchivementsView.swift; sourceTree = "<group>"; };
		00DCDEFD26FED70700913927 /* WorkoutsDataSource.swift */ = {isa = PBXFileReference; lastKnownFileType = sourcecode.swift; path = WorkoutsDataSource.swift; sourceTree = "<group>"; };
		00DCDF0326FF0AE200913927 /* CheckmarkButton.swift */ = {isa = PBXFileReference; lastKnownFileType = sourcecode.swift; path = CheckmarkButton.swift; sourceTree = "<group>"; };
		00DCDF0526FF0B5300913927 /* WorkoutView.swift */ = {isa = PBXFileReference; lastKnownFileType = sourcecode.swift; path = WorkoutView.swift; sourceTree = "<group>"; };
		00DCDF0726FF0BA800913927 /* WorkoutSchedule.swift */ = {isa = PBXFileReference; lastKnownFileType = sourcecode.swift; path = WorkoutSchedule.swift; sourceTree = "<group>"; };
		00DCDF0926FF0BB900913927 /* DayWorkoutPlan.swift */ = {isa = PBXFileReference; lastKnownFileType = sourcecode.swift; path = DayWorkoutPlan.swift; sourceTree = "<group>"; };
		00DCDF0C26FF0C3A00913927 /* Workout+Data.swift */ = {isa = PBXFileReference; lastKnownFileType = sourcecode.swift; path = "Workout+Data.swift"; sourceTree = "<group>"; };
		00DCDF0E26FF0D6100913927 /* DayWorkoutPlan+Data.swift */ = {isa = PBXFileReference; lastKnownFileType = sourcecode.swift; path = "DayWorkoutPlan+Data.swift"; sourceTree = "<group>"; };
		00E0245826F8FE090050022F /* WorkoutToDataTransformer.swift */ = {isa = PBXFileReference; lastKnownFileType = sourcecode.swift; path = WorkoutToDataTransformer.swift; sourceTree = "<group>"; };
		00E0245A26F9000A0050022F /* CoreDataWorkout.swift */ = {isa = PBXFileReference; lastKnownFileType = sourcecode.swift; path = CoreDataWorkout.swift; sourceTree = "<group>"; };
		00E0246026F911720050022F /* WorkoutEntity+CoreDataClass.swift */ = {isa = PBXFileReference; lastKnownFileType = sourcecode.swift; path = "WorkoutEntity+CoreDataClass.swift"; sourceTree = "<group>"; };
		00E0246126F911720050022F /* WorkoutEntity+CoreDataProperties.swift */ = {isa = PBXFileReference; lastKnownFileType = sourcecode.swift; path = "WorkoutEntity+CoreDataProperties.swift"; sourceTree = "<group>"; };
		00FB2DEB26F71E04001A7A1B /* RepCount.app */ = {isa = PBXFileReference; explicitFileType = wrapper.application; includeInIndex = 0; path = RepCount.app; sourceTree = BUILT_PRODUCTS_DIR; };
		00FB2DEE26F71E04001A7A1B /* RepCountApp.swift */ = {isa = PBXFileReference; lastKnownFileType = sourcecode.swift; path = RepCountApp.swift; sourceTree = "<group>"; };
		00FB2DF026F71E04001A7A1B /* ContentView.swift */ = {isa = PBXFileReference; lastKnownFileType = sourcecode.swift; path = ContentView.swift; sourceTree = "<group>"; };
		00FB2DF226F71E06001A7A1B /* Assets.xcassets */ = {isa = PBXFileReference; lastKnownFileType = folder.assetcatalog; path = Assets.xcassets; sourceTree = "<group>"; };
		00FB2DF526F71E06001A7A1B /* Preview Assets.xcassets */ = {isa = PBXFileReference; lastKnownFileType = folder.assetcatalog; path = "Preview Assets.xcassets"; sourceTree = "<group>"; };
		00FB2DF726F71E06001A7A1B /* CoreDataPersistenceController.swift */ = {isa = PBXFileReference; lastKnownFileType = sourcecode.swift; path = CoreDataPersistenceController.swift; sourceTree = "<group>"; };
		00FB2DFA26F71E06001A7A1B /* RepCount.xcdatamodel */ = {isa = PBXFileReference; lastKnownFileType = wrapper.xcdatamodel; path = RepCount.xcdatamodel; sourceTree = "<group>"; };
		00FB2DFC26F71E06001A7A1B /* Info.plist */ = {isa = PBXFileReference; lastKnownFileType = text.plist.xml; path = Info.plist; sourceTree = "<group>"; };
		00FB2E0126F71E07001A7A1B /* RepCountTests.xctest */ = {isa = PBXFileReference; explicitFileType = wrapper.cfbundle; includeInIndex = 0; path = RepCountTests.xctest; sourceTree = BUILT_PRODUCTS_DIR; };
		00FB2E0526F71E07001A7A1B /* RepCountTests.swift */ = {isa = PBXFileReference; lastKnownFileType = sourcecode.swift; path = RepCountTests.swift; sourceTree = "<group>"; };
		00FB2E0726F71E07001A7A1B /* Info.plist */ = {isa = PBXFileReference; lastKnownFileType = text.plist.xml; path = Info.plist; sourceTree = "<group>"; };
		00FB2E0C26F71E07001A7A1B /* RepCountUITests.xctest */ = {isa = PBXFileReference; explicitFileType = wrapper.cfbundle; includeInIndex = 0; path = RepCountUITests.xctest; sourceTree = BUILT_PRODUCTS_DIR; };
		00FB2E1026F71E07001A7A1B /* RepCountUITests.swift */ = {isa = PBXFileReference; lastKnownFileType = sourcecode.swift; path = RepCountUITests.swift; sourceTree = "<group>"; };
		00FB2E1226F71E07001A7A1B /* Info.plist */ = {isa = PBXFileReference; lastKnownFileType = text.plist.xml; path = Info.plist; sourceTree = "<group>"; };
		00FB2E1E26F71EEE001A7A1B /* WorkoutDayPlanView.swift */ = {isa = PBXFileReference; lastKnownFileType = sourcecode.swift; path = WorkoutDayPlanView.swift; sourceTree = "<group>"; };
		00FB2E2026F71F32001A7A1B /* Workout.swift */ = {isa = PBXFileReference; lastKnownFileType = sourcecode.swift; path = Workout.swift; sourceTree = "<group>"; };
		00FB2E2226F7465A001A7A1B /* DayWorkoutPlanPresenter.swift */ = {isa = PBXFileReference; lastKnownFileType = sourcecode.swift; path = DayWorkoutPlanPresenter.swift; sourceTree = "<group>"; };
/* End PBXFileReference section */

/* Begin PBXFrameworksBuildPhase section */
		00FB2DE826F71E04001A7A1B /* Frameworks */ = {
			isa = PBXFrameworksBuildPhase;
			buildActionMask = 2147483647;
			files = (
			);
			runOnlyForDeploymentPostprocessing = 0;
		};
		00FB2DFE26F71E07001A7A1B /* Frameworks */ = {
			isa = PBXFrameworksBuildPhase;
			buildActionMask = 2147483647;
			files = (
			);
			runOnlyForDeploymentPostprocessing = 0;
		};
		00FB2E0926F71E07001A7A1B /* Frameworks */ = {
			isa = PBXFrameworksBuildPhase;
			buildActionMask = 2147483647;
			files = (
			);
			runOnlyForDeploymentPostprocessing = 0;
		};
/* End PBXFrameworksBuildPhase section */

/* Begin PBXGroup section */
		00DCDEFC26FED6E500913927 /* Data Sources */ = {
			isa = PBXGroup;
			children = (
				00DCDEFD26FED70700913927 /* WorkoutsDataSource.swift */,
			);
			path = "Data Sources";
			sourceTree = "<group>";
		};
		00DCDEFF26FEDD4500913927 /* Views */ = {
			isa = PBXGroup;
			children = (
				00DCDF0126FEDDD900913927 /* Workout Day Plan */,
				00DCDF0026FEDDC000913927 /* Achievements */,
			);
			path = Views;
			sourceTree = "<group>";
		};
		00DCDF0026FEDDC000913927 /* Achievements */ = {
			isa = PBXGroup;
			children = (
				00514E7226FCFDC800D97B21 /* AchivementsView.swift */,
			);
			path = Achievements;
			sourceTree = "<group>";
		};
		00DCDF0126FEDDD900913927 /* Workout Day Plan */ = {
			isa = PBXGroup;
			children = (
				00FB2E1E26F71EEE001A7A1B /* WorkoutDayPlanView.swift */,
				00DCDF0526FF0B5300913927 /* WorkoutView.swift */,
				00DCDF0326FF0AE200913927 /* CheckmarkButton.swift */,
				00FB2E2226F7465A001A7A1B /* DayWorkoutPlanPresenter.swift */,
			);
			path = "Workout Day Plan";
			sourceTree = "<group>";
		};
		00DCDF0226FEDDF400913927 /* Domain Models */ = {
			isa = PBXGroup;
			children = (
				00DCDF0B26FF0C2100913927 /* Pre-filled data */,
				00FB2E2026F71F32001A7A1B /* Workout.swift */,
				00DCDF0726FF0BA800913927 /* WorkoutSchedule.swift */,
				00DCDF0926FF0BB900913927 /* DayWorkoutPlan.swift */,
			);
			path = "Domain Models";
			sourceTree = "<group>";
		};
		00DCDF0B26FF0C2100913927 /* Pre-filled data */ = {
			isa = PBXGroup;
			children = (
				00DCDF0C26FF0C3A00913927 /* Workout+Data.swift */,
				00DCDF0E26FF0D6100913927 /* DayWorkoutPlan+Data.swift */,
			);
			path = "Pre-filled data";
			sourceTree = "<group>";
		};
		00E0245626F8FCBD0050022F /* Persistence */ = {
			isa = PBXGroup;
			children = (
				00DCDEFC26FED6E500913927 /* Data Sources */,
				00E0245726F8FCC50050022F /* CoreData */,
			);
			path = Persistence;
			sourceTree = "<group>";
		};
		00E0245726F8FCC50050022F /* CoreData */ = {
			isa = PBXGroup;
			children = (
				00FB2DF726F71E06001A7A1B /* CoreDataPersistenceController.swift */,
				00E0246026F911720050022F /* WorkoutEntity+CoreDataClass.swift */,
				00E0246126F911720050022F /* WorkoutEntity+CoreDataProperties.swift */,
				00E0245826F8FE090050022F /* WorkoutToDataTransformer.swift */,
				00E0245A26F9000A0050022F /* CoreDataWorkout.swift */,
			);
			path = CoreData;
			sourceTree = "<group>";
		};
		00FB2DE226F71E04001A7A1B = {
			isa = PBXGroup;
			children = (
				00FB2DED26F71E04001A7A1B /* RepCount */,
				00FB2E0426F71E07001A7A1B /* RepCountTests */,
				00FB2E0F26F71E07001A7A1B /* RepCountUITests */,
				00FB2DEC26F71E04001A7A1B /* Products */,
			);
			sourceTree = "<group>";
		};
		00FB2DEC26F71E04001A7A1B /* Products */ = {
			isa = PBXGroup;
			children = (
				00FB2DEB26F71E04001A7A1B /* RepCount.app */,
				00FB2E0126F71E07001A7A1B /* RepCountTests.xctest */,
				00FB2E0C26F71E07001A7A1B /* RepCountUITests.xctest */,
			);
			name = Products;
			sourceTree = "<group>";
		};
		00FB2DED26F71E04001A7A1B /* RepCount */ = {
			isa = PBXGroup;
			children = (
				00FB2DEE26F71E04001A7A1B /* RepCountApp.swift */,
				00FB2DF026F71E04001A7A1B /* ContentView.swift */,
				00DCDF0226FEDDF400913927 /* Domain Models */,
				00DCDEFF26FEDD4500913927 /* Views */,
				00E0245626F8FCBD0050022F /* Persistence */,
				00FB2DF226F71E06001A7A1B /* Assets.xcassets */,
				00FB2DFC26F71E06001A7A1B /* Info.plist */,
				00FB2DF926F71E06001A7A1B /* RepCount.xcdatamodeld */,
				00FB2DF426F71E06001A7A1B /* Preview Content */,
			);
			path = RepCount;
			sourceTree = "<group>";
		};
		00FB2DF426F71E06001A7A1B /* Preview Content */ = {
			isa = PBXGroup;
			children = (
				00FB2DF526F71E06001A7A1B /* Preview Assets.xcassets */,
			);
			path = "Preview Content";
			sourceTree = "<group>";
		};
		00FB2E0426F71E07001A7A1B /* RepCountTests */ = {
			isa = PBXGroup;
			children = (
				00FB2E0526F71E07001A7A1B /* RepCountTests.swift */,
				00FB2E0726F71E07001A7A1B /* Info.plist */,
			);
			path = RepCountTests;
			sourceTree = "<group>";
		};
		00FB2E0F26F71E07001A7A1B /* RepCountUITests */ = {
			isa = PBXGroup;
			children = (
				00FB2E1026F71E07001A7A1B /* RepCountUITests.swift */,
				00FB2E1226F71E07001A7A1B /* Info.plist */,
			);
			path = RepCountUITests;
			sourceTree = "<group>";
		};
/* End PBXGroup section */

/* Begin PBXNativeTarget section */
		00FB2DEA26F71E04001A7A1B /* RepCount */ = {
			isa = PBXNativeTarget;
			buildConfigurationList = 00FB2E1526F71E07001A7A1B /* Build configuration list for PBXNativeTarget "RepCount" */;
			buildPhases = (
				00FB2DE726F71E04001A7A1B /* Sources */,
				00FB2DE826F71E04001A7A1B /* Frameworks */,
				00FB2DE926F71E04001A7A1B /* Resources */,
			);
			buildRules = (
			);
			dependencies = (
			);
			name = RepCount;
			productName = RepCount;
			productReference = 00FB2DEB26F71E04001A7A1B /* RepCount.app */;
			productType = "com.apple.product-type.application";
		};
		00FB2E0026F71E07001A7A1B /* RepCountTests */ = {
			isa = PBXNativeTarget;
			buildConfigurationList = 00FB2E1826F71E07001A7A1B /* Build configuration list for PBXNativeTarget "RepCountTests" */;
			buildPhases = (
				00FB2DFD26F71E07001A7A1B /* Sources */,
				00FB2DFE26F71E07001A7A1B /* Frameworks */,
				00FB2DFF26F71E07001A7A1B /* Resources */,
			);
			buildRules = (
			);
			dependencies = (
				00FB2E0326F71E07001A7A1B /* PBXTargetDependency */,
			);
			name = RepCountTests;
			productName = RepCountTests;
			productReference = 00FB2E0126F71E07001A7A1B /* RepCountTests.xctest */;
			productType = "com.apple.product-type.bundle.unit-test";
		};
		00FB2E0B26F71E07001A7A1B /* RepCountUITests */ = {
			isa = PBXNativeTarget;
			buildConfigurationList = 00FB2E1B26F71E07001A7A1B /* Build configuration list for PBXNativeTarget "RepCountUITests" */;
			buildPhases = (
				00FB2E0826F71E07001A7A1B /* Sources */,
				00FB2E0926F71E07001A7A1B /* Frameworks */,
				00FB2E0A26F71E07001A7A1B /* Resources */,
			);
			buildRules = (
			);
			dependencies = (
				00FB2E0E26F71E07001A7A1B /* PBXTargetDependency */,
			);
			name = RepCountUITests;
			productName = RepCountUITests;
			productReference = 00FB2E0C26F71E07001A7A1B /* RepCountUITests.xctest */;
			productType = "com.apple.product-type.bundle.ui-testing";
		};
/* End PBXNativeTarget section */

/* Begin PBXProject section */
		00FB2DE326F71E04001A7A1B /* Project object */ = {
			isa = PBXProject;
			attributes = {
				LastSwiftUpdateCheck = 1250;
				LastUpgradeCheck = 1250;
				TargetAttributes = {
					00FB2DEA26F71E04001A7A1B = {
						CreatedOnToolsVersion = 12.5;
					};
					00FB2E0026F71E07001A7A1B = {
						CreatedOnToolsVersion = 12.5;
						TestTargetID = 00FB2DEA26F71E04001A7A1B;
					};
					00FB2E0B26F71E07001A7A1B = {
						CreatedOnToolsVersion = 12.5;
						TestTargetID = 00FB2DEA26F71E04001A7A1B;
					};
				};
			};
			buildConfigurationList = 00FB2DE626F71E04001A7A1B /* Build configuration list for PBXProject "RepCount" */;
			compatibilityVersion = "Xcode 9.3";
			developmentRegion = en;
			hasScannedForEncodings = 0;
			knownRegions = (
				en,
				Base,
			);
			mainGroup = 00FB2DE226F71E04001A7A1B;
			productRefGroup = 00FB2DEC26F71E04001A7A1B /* Products */;
			projectDirPath = "";
			projectRoot = "";
			targets = (
				00FB2DEA26F71E04001A7A1B /* RepCount */,
				00FB2E0026F71E07001A7A1B /* RepCountTests */,
				00FB2E0B26F71E07001A7A1B /* RepCountUITests */,
			);
		};
/* End PBXProject section */

/* Begin PBXResourcesBuildPhase section */
		00FB2DE926F71E04001A7A1B /* Resources */ = {
			isa = PBXResourcesBuildPhase;
			buildActionMask = 2147483647;
			files = (
				00FB2DF626F71E06001A7A1B /* Preview Assets.xcassets in Resources */,
				00FB2DF326F71E06001A7A1B /* Assets.xcassets in Resources */,
			);
			runOnlyForDeploymentPostprocessing = 0;
		};
		00FB2DFF26F71E07001A7A1B /* Resources */ = {
			isa = PBXResourcesBuildPhase;
			buildActionMask = 2147483647;
			files = (
			);
			runOnlyForDeploymentPostprocessing = 0;
		};
		00FB2E0A26F71E07001A7A1B /* Resources */ = {
			isa = PBXResourcesBuildPhase;
			buildActionMask = 2147483647;
			files = (
			);
			runOnlyForDeploymentPostprocessing = 0;
		};
/* End PBXResourcesBuildPhase section */

/* Begin PBXSourcesBuildPhase section */
		00FB2DE726F71E04001A7A1B /* Sources */ = {
			isa = PBXSourcesBuildPhase;
			buildActionMask = 2147483647;
			files = (
				00DCDF0426FF0AE200913927 /* CheckmarkButton.swift in Sources */,
				00DCDF0D26FF0C3A00913927 /* Workout+Data.swift in Sources */,
				00E0246326F911720050022F /* WorkoutEntity+CoreDataProperties.swift in Sources */,
				00DCDF0A26FF0BB900913927 /* DayWorkoutPlan.swift in Sources */,
				00FB2DF826F71E06001A7A1B /* CoreDataPersistenceController.swift in Sources */,
				00514E7326FCFDC800D97B21 /* AchivementsView.swift in Sources */,
				00DCDF0626FF0B5300913927 /* WorkoutView.swift in Sources */,
				00E0245B26F9000A0050022F /* CoreDataWorkout.swift in Sources */,
				00E0245926F8FE090050022F /* WorkoutToDataTransformer.swift in Sources */,
				00FB2DFB26F71E06001A7A1B /* RepCount.xcdatamodeld in Sources */,
				00DCDF0826FF0BA800913927 /* WorkoutSchedule.swift in Sources */,
				00FB2DF126F71E04001A7A1B /* ContentView.swift in Sources */,
				00FB2DEF26F71E04001A7A1B /* RepCountApp.swift in Sources */,
				00DCDF0F26FF0D6100913927 /* DayWorkoutPlan+Data.swift in Sources */,
				00DCDEFE26FED70700913927 /* WorkoutsDataSource.swift in Sources */,
				00E0246226F911720050022F /* WorkoutEntity+CoreDataClass.swift in Sources */,
				00FB2E2326F7465A001A7A1B /* DayWorkoutPlanPresenter.swift in Sources */,
				00FB2E1F26F71EEE001A7A1B /* WorkoutDayPlanView.swift in Sources */,
				00FB2E2126F71F32001A7A1B /* Workout.swift in Sources */,
			);
			runOnlyForDeploymentPostprocessing = 0;
		};
		00FB2DFD26F71E07001A7A1B /* Sources */ = {
			isa = PBXSourcesBuildPhase;
			buildActionMask = 2147483647;
			files = (
				00FB2E0626F71E07001A7A1B /* RepCountTests.swift in Sources */,
			);
			runOnlyForDeploymentPostprocessing = 0;
		};
		00FB2E0826F71E07001A7A1B /* Sources */ = {
			isa = PBXSourcesBuildPhase;
			buildActionMask = 2147483647;
			files = (
				00FB2E1126F71E07001A7A1B /* RepCountUITests.swift in Sources */,
			);
			runOnlyForDeploymentPostprocessing = 0;
		};
/* End PBXSourcesBuildPhase section */

/* Begin PBXTargetDependency section */
		00FB2E0326F71E07001A7A1B /* PBXTargetDependency */ = {
			isa = PBXTargetDependency;
			target = 00FB2DEA26F71E04001A7A1B /* RepCount */;
			targetProxy = 00FB2E0226F71E07001A7A1B /* PBXContainerItemProxy */;
		};
		00FB2E0E26F71E07001A7A1B /* PBXTargetDependency */ = {
			isa = PBXTargetDependency;
			target = 00FB2DEA26F71E04001A7A1B /* RepCount */;
			targetProxy = 00FB2E0D26F71E07001A7A1B /* PBXContainerItemProxy */;
		};
/* End PBXTargetDependency section */

/* Begin XCBuildConfiguration section */
		00FB2E1326F71E07001A7A1B /* Debug */ = {
			isa = XCBuildConfiguration;
			buildSettings = {
				ALWAYS_SEARCH_USER_PATHS = NO;
				CLANG_ANALYZER_NONNULL = YES;
				CLANG_ANALYZER_NUMBER_OBJECT_CONVERSION = YES_AGGRESSIVE;
				CLANG_CXX_LANGUAGE_STANDARD = "gnu++14";
				CLANG_CXX_LIBRARY = "libc++";
				CLANG_ENABLE_MODULES = YES;
				CLANG_ENABLE_OBJC_ARC = YES;
				CLANG_ENABLE_OBJC_WEAK = YES;
				CLANG_WARN_BLOCK_CAPTURE_AUTORELEASING = YES;
				CLANG_WARN_BOOL_CONVERSION = YES;
				CLANG_WARN_COMMA = YES;
				CLANG_WARN_CONSTANT_CONVERSION = YES;
				CLANG_WARN_DEPRECATED_OBJC_IMPLEMENTATIONS = YES;
				CLANG_WARN_DIRECT_OBJC_ISA_USAGE = YES_ERROR;
				CLANG_WARN_DOCUMENTATION_COMMENTS = YES;
				CLANG_WARN_EMPTY_BODY = YES;
				CLANG_WARN_ENUM_CONVERSION = YES;
				CLANG_WARN_INFINITE_RECURSION = YES;
				CLANG_WARN_INT_CONVERSION = YES;
				CLANG_WARN_NON_LITERAL_NULL_CONVERSION = YES;
				CLANG_WARN_OBJC_IMPLICIT_RETAIN_SELF = YES;
				CLANG_WARN_OBJC_LITERAL_CONVERSION = YES;
				CLANG_WARN_OBJC_ROOT_CLASS = YES_ERROR;
				CLANG_WARN_QUOTED_INCLUDE_IN_FRAMEWORK_HEADER = YES;
				CLANG_WARN_RANGE_LOOP_ANALYSIS = YES;
				CLANG_WARN_STRICT_PROTOTYPES = YES;
				CLANG_WARN_SUSPICIOUS_MOVE = YES;
				CLANG_WARN_UNGUARDED_AVAILABILITY = YES_AGGRESSIVE;
				CLANG_WARN_UNREACHABLE_CODE = YES;
				CLANG_WARN__DUPLICATE_METHOD_MATCH = YES;
				COPY_PHASE_STRIP = NO;
				DEBUG_INFORMATION_FORMAT = dwarf;
				ENABLE_STRICT_OBJC_MSGSEND = YES;
				ENABLE_TESTABILITY = YES;
				GCC_C_LANGUAGE_STANDARD = gnu11;
				GCC_DYNAMIC_NO_PIC = NO;
				GCC_NO_COMMON_BLOCKS = YES;
				GCC_OPTIMIZATION_LEVEL = 0;
				GCC_PREPROCESSOR_DEFINITIONS = (
					"DEBUG=1",
					"$(inherited)",
				);
				GCC_WARN_64_TO_32_BIT_CONVERSION = YES;
				GCC_WARN_ABOUT_RETURN_TYPE = YES_ERROR;
				GCC_WARN_UNDECLARED_SELECTOR = YES;
				GCC_WARN_UNINITIALIZED_AUTOS = YES_AGGRESSIVE;
				GCC_WARN_UNUSED_FUNCTION = YES;
				GCC_WARN_UNUSED_VARIABLE = YES;
				IPHONEOS_DEPLOYMENT_TARGET = 14.5;
				MTL_ENABLE_DEBUG_INFO = INCLUDE_SOURCE;
				MTL_FAST_MATH = YES;
				ONLY_ACTIVE_ARCH = YES;
				SDKROOT = iphoneos;
				SWIFT_ACTIVE_COMPILATION_CONDITIONS = DEBUG;
				SWIFT_OPTIMIZATION_LEVEL = "-Onone";
			};
			name = Debug;
		};
		00FB2E1426F71E07001A7A1B /* Release */ = {
			isa = XCBuildConfiguration;
			buildSettings = {
				ALWAYS_SEARCH_USER_PATHS = NO;
				CLANG_ANALYZER_NONNULL = YES;
				CLANG_ANALYZER_NUMBER_OBJECT_CONVERSION = YES_AGGRESSIVE;
				CLANG_CXX_LANGUAGE_STANDARD = "gnu++14";
				CLANG_CXX_LIBRARY = "libc++";
				CLANG_ENABLE_MODULES = YES;
				CLANG_ENABLE_OBJC_ARC = YES;
				CLANG_ENABLE_OBJC_WEAK = YES;
				CLANG_WARN_BLOCK_CAPTURE_AUTORELEASING = YES;
				CLANG_WARN_BOOL_CONVERSION = YES;
				CLANG_WARN_COMMA = YES;
				CLANG_WARN_CONSTANT_CONVERSION = YES;
				CLANG_WARN_DEPRECATED_OBJC_IMPLEMENTATIONS = YES;
				CLANG_WARN_DIRECT_OBJC_ISA_USAGE = YES_ERROR;
				CLANG_WARN_DOCUMENTATION_COMMENTS = YES;
				CLANG_WARN_EMPTY_BODY = YES;
				CLANG_WARN_ENUM_CONVERSION = YES;
				CLANG_WARN_INFINITE_RECURSION = YES;
				CLANG_WARN_INT_CONVERSION = YES;
				CLANG_WARN_NON_LITERAL_NULL_CONVERSION = YES;
				CLANG_WARN_OBJC_IMPLICIT_RETAIN_SELF = YES;
				CLANG_WARN_OBJC_LITERAL_CONVERSION = YES;
				CLANG_WARN_OBJC_ROOT_CLASS = YES_ERROR;
				CLANG_WARN_QUOTED_INCLUDE_IN_FRAMEWORK_HEADER = YES;
				CLANG_WARN_RANGE_LOOP_ANALYSIS = YES;
				CLANG_WARN_STRICT_PROTOTYPES = YES;
				CLANG_WARN_SUSPICIOUS_MOVE = YES;
				CLANG_WARN_UNGUARDED_AVAILABILITY = YES_AGGRESSIVE;
				CLANG_WARN_UNREACHABLE_CODE = YES;
				CLANG_WARN__DUPLICATE_METHOD_MATCH = YES;
				COPY_PHASE_STRIP = NO;
				DEBUG_INFORMATION_FORMAT = "dwarf-with-dsym";
				ENABLE_NS_ASSERTIONS = NO;
				ENABLE_STRICT_OBJC_MSGSEND = YES;
				GCC_C_LANGUAGE_STANDARD = gnu11;
				GCC_NO_COMMON_BLOCKS = YES;
				GCC_WARN_64_TO_32_BIT_CONVERSION = YES;
				GCC_WARN_ABOUT_RETURN_TYPE = YES_ERROR;
				GCC_WARN_UNDECLARED_SELECTOR = YES;
				GCC_WARN_UNINITIALIZED_AUTOS = YES_AGGRESSIVE;
				GCC_WARN_UNUSED_FUNCTION = YES;
				GCC_WARN_UNUSED_VARIABLE = YES;
				IPHONEOS_DEPLOYMENT_TARGET = 14.5;
				MTL_ENABLE_DEBUG_INFO = NO;
				MTL_FAST_MATH = YES;
				SDKROOT = iphoneos;
				SWIFT_COMPILATION_MODE = wholemodule;
				SWIFT_OPTIMIZATION_LEVEL = "-O";
				VALIDATE_PRODUCT = YES;
			};
			name = Release;
		};
		00FB2E1626F71E07001A7A1B /* Debug */ = {
			isa = XCBuildConfiguration;
			buildSettings = {
				ASSETCATALOG_COMPILER_APPICON_NAME = AppIcon;
				ASSETCATALOG_COMPILER_GLOBAL_ACCENT_COLOR_NAME = AccentColor;
				CODE_SIGN_STYLE = Automatic;
				DEVELOPMENT_ASSET_PATHS = "\"RepCount/Preview Content\"";
				DEVELOPMENT_TEAM = 29ND5D76MZ;
				ENABLE_PREVIEWS = YES;
				INFOPLIST_FILE = RepCount/Info.plist;
				IPHONEOS_DEPLOYMENT_TARGET = 14.0;
				LD_RUNPATH_SEARCH_PATHS = (
					"$(inherited)",
					"@executable_path/Frameworks",
				);
				PRODUCT_BUNDLE_IDENTIFIER = com.roundsoftware.RepCount;
				PRODUCT_NAME = "$(TARGET_NAME)";
				SWIFT_VERSION = 5.0;
				TARGETED_DEVICE_FAMILY = "1,2";
			};
			name = Debug;
		};
		00FB2E1726F71E07001A7A1B /* Release */ = {
			isa = XCBuildConfiguration;
			buildSettings = {
				ASSETCATALOG_COMPILER_APPICON_NAME = AppIcon;
				ASSETCATALOG_COMPILER_GLOBAL_ACCENT_COLOR_NAME = AccentColor;
				CODE_SIGN_STYLE = Automatic;
				DEVELOPMENT_ASSET_PATHS = "\"RepCount/Preview Content\"";
				DEVELOPMENT_TEAM = 29ND5D76MZ;
				ENABLE_PREVIEWS = YES;
				INFOPLIST_FILE = RepCount/Info.plist;
				IPHONEOS_DEPLOYMENT_TARGET = 14.0;
				LD_RUNPATH_SEARCH_PATHS = (
					"$(inherited)",
					"@executable_path/Frameworks",
				);
				PRODUCT_BUNDLE_IDENTIFIER = com.roundsoftware.RepCount;
				PRODUCT_NAME = "$(TARGET_NAME)";
				SWIFT_VERSION = 5.0;
				TARGETED_DEVICE_FAMILY = "1,2";
			};
			name = Release;
		};
		00FB2E1926F71E07001A7A1B /* Debug */ = {
			isa = XCBuildConfiguration;
			buildSettings = {
				ALWAYS_EMBED_SWIFT_STANDARD_LIBRARIES = YES;
				BUNDLE_LOADER = "$(TEST_HOST)";
				CODE_SIGN_STYLE = Automatic;
				DEVELOPMENT_TEAM = 29ND5D76MZ;
				INFOPLIST_FILE = RepCountTests/Info.plist;
				IPHONEOS_DEPLOYMENT_TARGET = 14.0;
				LD_RUNPATH_SEARCH_PATHS = (
					"$(inherited)",
					"@executable_path/Frameworks",
					"@loader_path/Frameworks",
				);
				PRODUCT_BUNDLE_IDENTIFIER = com.roundsoftware.RepCountTests;
				PRODUCT_NAME = "$(TARGET_NAME)";
				SWIFT_VERSION = 5.0;
				TARGETED_DEVICE_FAMILY = "1,2";
				TEST_HOST = "$(BUILT_PRODUCTS_DIR)/RepCount.app/RepCount";
			};
			name = Debug;
		};
		00FB2E1A26F71E07001A7A1B /* Release */ = {
			isa = XCBuildConfiguration;
			buildSettings = {
				ALWAYS_EMBED_SWIFT_STANDARD_LIBRARIES = YES;
				BUNDLE_LOADER = "$(TEST_HOST)";
				CODE_SIGN_STYLE = Automatic;
				DEVELOPMENT_TEAM = 29ND5D76MZ;
				INFOPLIST_FILE = RepCountTests/Info.plist;
				IPHONEOS_DEPLOYMENT_TARGET = 14.0;
				LD_RUNPATH_SEARCH_PATHS = (
					"$(inherited)",
					"@executable_path/Frameworks",
					"@loader_path/Frameworks",
				);
				PRODUCT_BUNDLE_IDENTIFIER = com.roundsoftware.RepCountTests;
				PRODUCT_NAME = "$(TARGET_NAME)";
				SWIFT_VERSION = 5.0;
				TARGETED_DEVICE_FAMILY = "1,2";
				TEST_HOST = "$(BUILT_PRODUCTS_DIR)/RepCount.app/RepCount";
			};
			name = Release;
		};
		00FB2E1C26F71E07001A7A1B /* Debug */ = {
			isa = XCBuildConfiguration;
			buildSettings = {
				ALWAYS_EMBED_SWIFT_STANDARD_LIBRARIES = YES;
				CODE_SIGN_STYLE = Automatic;
				DEVELOPMENT_TEAM = 29ND5D76MZ;
				INFOPLIST_FILE = RepCountUITests/Info.plist;
				LD_RUNPATH_SEARCH_PATHS = (
					"$(inherited)",
					"@executable_path/Frameworks",
					"@loader_path/Frameworks",
				);
				PRODUCT_BUNDLE_IDENTIFIER = com.roundsoftware.RepCountUITests;
				PRODUCT_NAME = "$(TARGET_NAME)";
				SWIFT_VERSION = 5.0;
				TARGETED_DEVICE_FAMILY = "1,2";
				TEST_TARGET_NAME = RepCount;
			};
			name = Debug;
		};
		00FB2E1D26F71E07001A7A1B /* Release */ = {
			isa = XCBuildConfiguration;
			buildSettings = {
				ALWAYS_EMBED_SWIFT_STANDARD_LIBRARIES = YES;
				CODE_SIGN_STYLE = Automatic;
				DEVELOPMENT_TEAM = 29ND5D76MZ;
				INFOPLIST_FILE = RepCountUITests/Info.plist;
				LD_RUNPATH_SEARCH_PATHS = (
					"$(inherited)",
					"@executable_path/Frameworks",
					"@loader_path/Frameworks",
				);
				PRODUCT_BUNDLE_IDENTIFIER = com.roundsoftware.RepCountUITests;
				PRODUCT_NAME = "$(TARGET_NAME)";
				SWIFT_VERSION = 5.0;
				TARGETED_DEVICE_FAMILY = "1,2";
				TEST_TARGET_NAME = RepCount;
			};
			name = Release;
		};
/* End XCBuildConfiguration section */

/* Begin XCConfigurationList section */
		00FB2DE626F71E04001A7A1B /* Build configuration list for PBXProject "RepCount" */ = {
			isa = XCConfigurationList;
			buildConfigurations = (
				00FB2E1326F71E07001A7A1B /* Debug */,
				00FB2E1426F71E07001A7A1B /* Release */,
			);
			defaultConfigurationIsVisible = 0;
			defaultConfigurationName = Release;
		};
		00FB2E1526F71E07001A7A1B /* Build configuration list for PBXNativeTarget "RepCount" */ = {
			isa = XCConfigurationList;
			buildConfigurations = (
				00FB2E1626F71E07001A7A1B /* Debug */,
				00FB2E1726F71E07001A7A1B /* Release */,
			);
			defaultConfigurationIsVisible = 0;
			defaultConfigurationName = Release;
		};
		00FB2E1826F71E07001A7A1B /* Build configuration list for PBXNativeTarget "RepCountTests" */ = {
			isa = XCConfigurationList;
			buildConfigurations = (
				00FB2E1926F71E07001A7A1B /* Debug */,
				00FB2E1A26F71E07001A7A1B /* Release */,
			);
			defaultConfigurationIsVisible = 0;
			defaultConfigurationName = Release;
		};
		00FB2E1B26F71E07001A7A1B /* Build configuration list for PBXNativeTarget "RepCountUITests" */ = {
			isa = XCConfigurationList;
			buildConfigurations = (
				00FB2E1C26F71E07001A7A1B /* Debug */,
				00FB2E1D26F71E07001A7A1B /* Release */,
			);
			defaultConfigurationIsVisible = 0;
			defaultConfigurationName = Release;
		};
/* End XCConfigurationList section */

/* Begin XCVersionGroup section */
		00FB2DF926F71E06001A7A1B /* RepCount.xcdatamodeld */ = {
			isa = XCVersionGroup;
			children = (
				00FB2DFA26F71E06001A7A1B /* RepCount.xcdatamodel */,
			);
			currentVersion = 00FB2DFA26F71E06001A7A1B /* RepCount.xcdatamodel */;
			path = RepCount.xcdatamodeld;
			sourceTree = "<group>";
			versionGroupType = wrapper.xcdatamodel;
		};
/* End XCVersionGroup section */
	};
	rootObject = 00FB2DE326F71E04001A7A1B /* Project object */;
}
